// !$*UTF8*$!
{
	archiveVersion = 1;
	classes = {
	};
	objectVersion = 46;
	objects = {

/* Begin PBXBuildFile section */
		D906C0DC18E74B060052DAB6 /* DCCalendarSearchBarTransitionAnimator.m in Sources */ = {isa = PBXBuildFile; fileRef = D906C0DB18E74B060052DAB6 /* DCCalendarSearchBarTransitionAnimator.m */; };
		D96AA33C18E720FE0053E780 /* Foundation.framework in Frameworks */ = {isa = PBXBuildFile; fileRef = D96AA33B18E720FE0053E780 /* Foundation.framework */; };
		D96AA33E18E720FE0053E780 /* CoreGraphics.framework in Frameworks */ = {isa = PBXBuildFile; fileRef = D96AA33D18E720FE0053E780 /* CoreGraphics.framework */; };
		D96AA34018E720FE0053E780 /* UIKit.framework in Frameworks */ = {isa = PBXBuildFile; fileRef = D96AA33F18E720FE0053E780 /* UIKit.framework */; };
		D96AA34618E720FE0053E780 /* InfoPlist.strings in Resources */ = {isa = PBXBuildFile; fileRef = D96AA34418E720FE0053E780 /* InfoPlist.strings */; };
		D96AA34818E720FE0053E780 /* main.m in Sources */ = {isa = PBXBuildFile; fileRef = D96AA34718E720FE0053E780 /* main.m */; };
		D96AA34C18E720FE0053E780 /* DCAppDelegate.m in Sources */ = {isa = PBXBuildFile; fileRef = D96AA34B18E720FE0053E780 /* DCAppDelegate.m */; };
		D96AA35218E720FE0053E780 /* DCViewController.m in Sources */ = {isa = PBXBuildFile; fileRef = D96AA35118E720FE0053E780 /* DCViewController.m */; };
		D96AA35418E720FE0053E780 /* Images.xcassets in Resources */ = {isa = PBXBuildFile; fileRef = D96AA35318E720FE0053E780 /* Images.xcassets */; };
		D96AA37218E721780053E780 /* DCCalendarSearchBarViewController.m in Sources */ = {isa = PBXBuildFile; fileRef = D96AA37118E721780053E780 /* DCCalendarSearchBarViewController.m */; };
		D96AA37418E72CDA0053E780 /* fakeNames.json in Resources */ = {isa = PBXBuildFile; fileRef = D96AA37318E72CDA0053E780 /* fakeNames.json */; };
/* End PBXBuildFile section */

/* Begin PBXFileReference section */
		D906C0DA18E74B060052DAB6 /* DCCalendarSearchBarTransitionAnimator.h */ = {isa = PBXFileReference; fileEncoding = 4; lastKnownFileType = sourcecode.c.h; path = DCCalendarSearchBarTransitionAnimator.h; sourceTree = "<group>"; };
		D906C0DB18E74B060052DAB6 /* DCCalendarSearchBarTransitionAnimator.m */ = {isa = PBXFileReference; fileEncoding = 4; lastKnownFileType = sourcecode.c.objc; path = DCCalendarSearchBarTransitionAnimator.m; sourceTree = "<group>"; };
		D96AA33818E720FE0053E780 /* CalendarSearchBar.app */ = {isa = PBXFileReference; explicitFileType = wrapper.application; includeInIndex = 0; path = CalendarSearchBar.app; sourceTree = BUILT_PRODUCTS_DIR; };
		D96AA33B18E720FE0053E780 /* Foundation.framework */ = {isa = PBXFileReference; lastKnownFileType = wrapper.framework; name = Foundation.framework; path = System/Library/Frameworks/Foundation.framework; sourceTree = SDKROOT; };
		D96AA33D18E720FE0053E780 /* CoreGraphics.framework */ = {isa = PBXFileReference; lastKnownFileType = wrapper.framework; name = CoreGraphics.framework; path = System/Library/Frameworks/CoreGraphics.framework; sourceTree = SDKROOT; };
		D96AA33F18E720FE0053E780 /* UIKit.framework */ = {isa = PBXFileReference; lastKnownFileType = wrapper.framework; name = UIKit.framework; path = System/Library/Frameworks/UIKit.framework; sourceTree = SDKROOT; };
		D96AA34318E720FE0053E780 /* CalendarSearchBar-Info.plist */ = {isa = PBXFileReference; lastKnownFileType = text.plist.xml; path = "CalendarSearchBar-Info.plist"; sourceTree = "<group>"; };
		D96AA34518E720FE0053E780 /* en */ = {isa = PBXFileReference; lastKnownFileType = text.plist.strings; name = en; path = en.lproj/InfoPlist.strings; sourceTree = "<group>"; };
		D96AA34718E720FE0053E780 /* main.m */ = {isa = PBXFileReference; lastKnownFileType = sourcecode.c.objc; path = main.m; sourceTree = "<group>"; };
		D96AA34918E720FE0053E780 /* CalendarSearchBar-Prefix.pch */ = {isa = PBXFileReference; lastKnownFileType = sourcecode.c.h; path = "CalendarSearchBar-Prefix.pch"; sourceTree = "<group>"; };
		D96AA34A18E720FE0053E780 /* DCAppDelegate.h */ = {isa = PBXFileReference; lastKnownFileType = sourcecode.c.h; path = DCAppDelegate.h; sourceTree = "<group>"; };
		D96AA34B18E720FE0053E780 /* DCAppDelegate.m */ = {isa = PBXFileReference; lastKnownFileType = sourcecode.c.objc; path = DCAppDelegate.m; sourceTree = "<group>"; };
		D96AA35018E720FE0053E780 /* DCViewController.h */ = {isa = PBXFileReference; lastKnownFileType = sourcecode.c.h; path = DCViewController.h; sourceTree = "<group>"; };
		D96AA35118E720FE0053E780 /* DCViewController.m */ = {isa = PBXFileReference; lastKnownFileType = sourcecode.c.objc; path = DCViewController.m; sourceTree = "<group>"; };
		D96AA35318E720FE0053E780 /* Images.xcassets */ = {isa = PBXFileReference; lastKnownFileType = folder.assetcatalog; path = Images.xcassets; sourceTree = "<group>"; };
		D96AA35A18E720FE0053E780 /* XCTest.framework */ = {isa = PBXFileReference; lastKnownFileType = wrapper.framework; name = XCTest.framework; path = Library/Frameworks/XCTest.framework; sourceTree = DEVELOPER_DIR; };
		D96AA37018E721780053E780 /* DCCalendarSearchBarViewController.h */ = {isa = PBXFileReference; fileEncoding = 4; lastKnownFileType = sourcecode.c.h; path = DCCalendarSearchBarViewController.h; sourceTree = "<group>"; };
		D96AA37118E721780053E780 /* DCCalendarSearchBarViewController.m */ = {isa = PBXFileReference; fileEncoding = 4; lastKnownFileType = sourcecode.c.objc; path = DCCalendarSearchBarViewController.m; sourceTree = "<group>"; };
		D96AA37318E72CDA0053E780 /* fakeNames.json */ = {isa = PBXFileReference; fileEncoding = 4; lastKnownFileType = text.json; path = fakeNames.json; sourceTree = "<group>"; };
/* End PBXFileReference section */

/* Begin PBXFrameworksBuildPhase section */
		D96AA33518E720FE0053E780 /* Frameworks */ = {
			isa = PBXFrameworksBuildPhase;
			buildActionMask = 2147483647;
			files = (
				D96AA33E18E720FE0053E780 /* CoreGraphics.framework in Frameworks */,
				D96AA34018E720FE0053E780 /* UIKit.framework in Frameworks */,
				D96AA33C18E720FE0053E780 /* Foundation.framework in Frameworks */,
			);
			runOnlyForDeploymentPostprocessing = 0;
		};
/* End PBXFrameworksBuildPhase section */

/* Begin PBXGroup section */
		D906C0DD18E85ACB0052DAB6 /* DCCalendarSearchBar */ = {
			isa = PBXGroup;
			children = (
				D96AA37018E721780053E780 /* DCCalendarSearchBarViewController.h */,
				D96AA37118E721780053E780 /* DCCalendarSearchBarViewController.m */,
				D906C0DA18E74B060052DAB6 /* DCCalendarSearchBarTransitionAnimator.h */,
				D906C0DB18E74B060052DAB6 /* DCCalendarSearchBarTransitionAnimator.m */,
			);
			name = DCCalendarSearchBar;
			sourceTree = "<group>";
		};
		D96AA32F18E720FE0053E780 = {
			isa = PBXGroup;
			children = (
				D96AA34118E720FE0053E780 /* CalendarSearchBar */,
				D96AA33A18E720FE0053E780 /* Frameworks */,
				D96AA33918E720FE0053E780 /* Products */,
			);
			sourceTree = "<group>";
		};
		D96AA33918E720FE0053E780 /* Products */ = {
			isa = PBXGroup;
			children = (
				D96AA33818E720FE0053E780 /* CalendarSearchBar.app */,
			);
			name = Products;
			sourceTree = "<group>";
		};
		D96AA33A18E720FE0053E780 /* Frameworks */ = {
			isa = PBXGroup;
			children = (
				D96AA33B18E720FE0053E780 /* Foundation.framework */,
				D96AA33D18E720FE0053E780 /* CoreGraphics.framework */,
				D96AA33F18E720FE0053E780 /* UIKit.framework */,
				D96AA35A18E720FE0053E780 /* XCTest.framework */,
			);
			name = Frameworks;
			sourceTree = "<group>";
		};
		D96AA34118E720FE0053E780 /* CalendarSearchBar */ = {
			isa = PBXGroup;
			children = (
				D906C0DD18E85ACB0052DAB6 /* DCCalendarSearchBar */,
				D96AA34A18E720FE0053E780 /* DCAppDelegate.h */,
				D96AA34B18E720FE0053E780 /* DCAppDelegate.m */,
				D96AA35018E720FE0053E780 /* DCViewController.h */,
				D96AA35118E720FE0053E780 /* DCViewController.m */,
				D96AA37318E72CDA0053E780 /* fakeNames.json */,
				D96AA35318E720FE0053E780 /* Images.xcassets */,
				D96AA34218E720FE0053E780 /* Supporting Files */,
			);
			path = CalendarSearchBar;
			sourceTree = "<group>";
		};
		D96AA34218E720FE0053E780 /* Supporting Files */ = {
			isa = PBXGroup;
			children = (
				D96AA34318E720FE0053E780 /* CalendarSearchBar-Info.plist */,
				D96AA34418E720FE0053E780 /* InfoPlist.strings */,
				D96AA34718E720FE0053E780 /* main.m */,
				D96AA34918E720FE0053E780 /* CalendarSearchBar-Prefix.pch */,
			);
			name = "Supporting Files";
			sourceTree = "<group>";
		};
/* End PBXGroup section */

/* Begin PBXNativeTarget section */
		D96AA33718E720FE0053E780 /* CalendarSearchBar */ = {
			isa = PBXNativeTarget;
			buildConfigurationList = D96AA36A18E720FE0053E780 /* Build configuration list for PBXNativeTarget "CalendarSearchBar" */;
			buildPhases = (
				D96AA33418E720FE0053E780 /* Sources */,
				D96AA33518E720FE0053E780 /* Frameworks */,
				D96AA33618E720FE0053E780 /* Resources */,
			);
			buildRules = (
			);
			dependencies = (
			);
			name = CalendarSearchBar;
			productName = CalendarSearchBar;
			productReference = D96AA33818E720FE0053E780 /* CalendarSearchBar.app */;
			productType = "com.apple.product-type.application";
		};
/* End PBXNativeTarget section */

/* Begin PBXProject section */
		D96AA33018E720FE0053E780 /* Project object */ = {
			isa = PBXProject;
			attributes = {
				CLASSPREFIX = DC;
				LastUpgradeCheck = 0510;
				ORGANIZATIONNAME = "Diogo do Carmo";
			};
			buildConfigurationList = D96AA33318E720FE0053E780 /* Build configuration list for PBXProject "CalendarSearchBar" */;
			compatibilityVersion = "Xcode 3.2";
			developmentRegion = English;
			hasScannedForEncodings = 0;
			knownRegions = (
				en,
				Base,
			);
			mainGroup = D96AA32F18E720FE0053E780;
			productRefGroup = D96AA33918E720FE0053E780 /* Products */;
			projectDirPath = "";
			projectRoot = "";
			targets = (
				D96AA33718E720FE0053E780 /* CalendarSearchBar */,
			);
		};
/* End PBXProject section */

/* Begin PBXResourcesBuildPhase section */
		D96AA33618E720FE0053E780 /* Resources */ = {
			isa = PBXResourcesBuildPhase;
			buildActionMask = 2147483647;
			files = (
				D96AA35418E720FE0053E780 /* Images.xcassets in Resources */,
				D96AA34618E720FE0053E780 /* InfoPlist.strings in Resources */,
				D96AA37418E72CDA0053E780 /* fakeNames.json in Resources */,
			);
			runOnlyForDeploymentPostprocessing = 0;
		};
/* End PBXResourcesBuildPhase section */

/* Begin PBXSourcesBuildPhase section */
		D96AA33418E720FE0053E780 /* Sources */ = {
			isa = PBXSourcesBuildPhase;
			buildActionMask = 2147483647;
			files = (
				D96AA34818E720FE0053E780 /* main.m in Sources */,
				D96AA35218E720FE0053E780 /* DCViewController.m in Sources */,
				D96AA34C18E720FE0053E780 /* DCAppDelegate.m in Sources */,
				D906C0DC18E74B060052DAB6 /* DCCalendarSearchBarTransitionAnimator.m in Sources */,
				D96AA37218E721780053E780 /* DCCalendarSearchBarViewController.m in Sources */,
			);
			runOnlyForDeploymentPostprocessing = 0;
		};
/* End PBXSourcesBuildPhase section */

/* Begin PBXVariantGroup section */
		D96AA34418E720FE0053E780 /* InfoPlist.strings */ = {
			isa = PBXVariantGroup;
			children = (
				D96AA34518E720FE0053E780 /* en */,
			);
			name = InfoPlist.strings;
			sourceTree = "<group>";
		};
/* End PBXVariantGroup section */

/* Begin XCBuildConfiguration section */
		D96AA36818E720FE0053E780 /* Debug */ = {
			isa = XCBuildConfiguration;
			buildSettings = {
				ALWAYS_SEARCH_USER_PATHS = NO;
				CLANG_CXX_LANGUAGE_STANDARD = "gnu++0x";
				CLANG_CXX_LIBRARY = "libc++";
				CLANG_ENABLE_MODULES = YES;
				CLANG_ENABLE_OBJC_ARC = YES;
				CLANG_WARN_BOOL_CONVERSION = YES;
				CLANG_WARN_CONSTANT_CONVERSION = YES;
				CLANG_WARN_DIRECT_OBJC_ISA_USAGE = YES_ERROR;
				CLANG_WARN_EMPTY_BODY = YES;
				CLANG_WARN_ENUM_CONVERSION = YES;
				CLANG_WARN_INT_CONVERSION = YES;
				CLANG_WARN_OBJC_ROOT_CLASS = YES_ERROR;
				CLANG_WARN__DUPLICATE_METHOD_MATCH = YES;
				"CODE_SIGN_IDENTITY[sdk=iphoneos*]" = "iPhone Developer";
				COPY_PHASE_STRIP = NO;
				GCC_C_LANGUAGE_STANDARD = gnu99;
				GCC_DYNAMIC_NO_PIC = NO;
				GCC_OPTIMIZATION_LEVEL = 0;
				GCC_PREPROCESSOR_DEFINITIONS = (
					"DEBUG=1",
					"$(inherited)",
				);
				GCC_SYMBOLS_PRIVATE_EXTERN = NO;
				GCC_WARN_64_TO_32_BIT_CONVERSION = YES;
				GCC_WARN_ABOUT_RETURN_TYPE = YES_ERROR;
				GCC_WARN_UNDECLARED_SELECTOR = YES;
				GCC_WARN_UNINITIALIZED_AUTOS = YES_AGGRESSIVE;
				GCC_WARN_UNUSED_FUNCTION = YES;
				GCC_WARN_UNUSED_VARIABLE = YES;
				IPHONEOS_DEPLOYMENT_TARGET = 7.1;
				ONLY_ACTIVE_ARCH = YES;
				SDKROOT = iphoneos;
			};
			name = Debug;
		};
		D96AA36918E720FE0053E780 /* Release */ = {
			isa = XCBuildConfiguration;
			buildSettings = {
				ALWAYS_SEARCH_USER_PATHS = NO;
				CLANG_CXX_LANGUAGE_STANDARD = "gnu++0x";
				CLANG_CXX_LIBRARY = "libc++";
				CLANG_ENABLE_MODULES = YES;
				CLANG_ENABLE_OBJC_ARC = YES;
				CLANG_WARN_BOOL_CONVERSION = YES;
				CLANG_WARN_CONSTANT_CONVERSION = YES;
				CLANG_WARN_DIRECT_OBJC_ISA_USAGE = YES_ERROR;
				CLANG_WARN_EMPTY_BODY = YES;
				CLANG_WARN_ENUM_CONVERSION = YES;
				CLANG_WARN_INT_CONVERSION = YES;
				CLANG_WARN_OBJC_ROOT_CLASS = YES_ERROR;
				CLANG_WARN__DUPLICATE_METHOD_MATCH = YES;
				"CODE_SIGN_IDENTITY[sdk=iphoneos*]" = "iPhone Developer";
				COPY_PHASE_STRIP = YES;
				ENABLE_NS_ASSERTIONS = NO;
				GCC_C_LANGUAGE_STANDARD = gnu99;
				GCC_WARN_64_TO_32_BIT_CONVERSION = YES;
				GCC_WARN_ABOUT_RETURN_TYPE = YES_ERROR;
				GCC_WARN_UNDECLARED_SELECTOR = YES;
				GCC_WARN_UNINITIALIZED_AUTOS = YES_AGGRESSIVE;
				GCC_WARN_UNUSED_FUNCTION = YES;
				GCC_WARN_UNUSED_VARIABLE = YES;
				IPHONEOS_DEPLOYMENT_TARGET = 7.1;
				SDKROOT = iphoneos;
				VALIDATE_PRODUCT = YES;
			};
			name = Release;
		};
		D96AA36B18E720FE0053E780 /* Debug */ = {
			isa = XCBuildConfiguration;
			buildSettings = {
				ASSETCATALOG_COMPILER_APPICON_NAME = AppIcon;
				ASSETCATALOG_COMPILER_LAUNCHIMAGE_NAME = LaunchImage;
				GCC_PRECOMPILE_PREFIX_HEADER = YES;
				GCC_PREFIX_HEADER = "CalendarSearchBar/CalendarSearchBar-Prefix.pch";
				INFOPLIST_FILE = "CalendarSearchBar/CalendarSearchBar-Info.plist";
				IPHONEOS_DEPLOYMENT_TARGET = 7.0;
				PRODUCT_NAME = "$(TARGET_NAME)";
				WRAPPER_EXTENSION = app;
			};
			name = Debug;
		};
		D96AA36C18E720FE0053E780 /* Release */ = {
			isa = XCBuildConfiguration;
			buildSettings = {
				ASSETCATALOG_COMPILER_APPICON_NAME = AppIcon;
				ASSETCATALOG_COMPILER_LAUNCHIMAGE_NAME = LaunchImage;
				GCC_PRECOMPILE_PREFIX_HEADER = YES;
				GCC_PREFIX_HEADER = "CalendarSearchBar/CalendarSearchBar-Prefix.pch";
				INFOPLIST_FILE = "CalendarSearchBar/CalendarSearchBar-Info.plist";
				IPHONEOS_DEPLOYMENT_TARGET = 7.0;
				PRODUCT_NAME = "$(TARGET_NAME)";
				WRAPPER_EXTENSION = app;
			};
			name = Release;
		};
/* End XCBuildConfiguration section */

/* Begin XCConfigurationList section */
		D96AA33318E720FE0053E780 /* Build configuration list for PBXProject "CalendarSearchBar" */ = {
			isa = XCConfigurationList;
			buildConfigurations = (
				D96AA36818E720FE0053E780 /* Debug */,
				D96AA36918E720FE0053E780 /* Release */,
			);
			defaultConfigurationIsVisible = 0;
			defaultConfigurationName = Release;
		};
		D96AA36A18E720FE0053E780 /* Build configuration list for PBXNativeTarget "CalendarSearchBar" */ = {
			isa = XCConfigurationList;
			buildConfigurations = (
				D96AA36B18E720FE0053E780 /* Debug */,
				D96AA36C18E720FE0053E780 /* Release */,
			);
			defaultConfigurationIsVisible = 0;
			defaultConfigurationName = Release;
		};
/* End XCConfigurationList section */
	};
	rootObject = D96AA33018E720FE0053E780 /* Project object */;
}
